
Microsoft Visual Studio Solution File, Format Version 12.00
# Visual Studio Version 16
VisualStudioVersion = 16.0.31205.134
MinimumVisualStudioVersion = 10.0.40219.1
Project("{FAE04EC0-301F-11D3-BF4B-00C04F79EFBC}") = "MyCustomTools1", "MyCustomTools1\MyCustomTools1.csproj", "{1F20A67A-F371-4D35-880E-8DCCA27CD7F6}"
	ProjectSection(ProjectDependencies) = postProject
		{9294CF77-44DF-4C37-84DA-C746BB81D50C} = {9294CF77-44DF-4C37-84DA-C746BB81D50C}
	EndProjectSection
EndProject
Project("{8BC9CEB8-8B4A-11D0-8D11-00A0C91BC942}") = "MyTestDLL", "MyTestDLL\MyTestDLL.vcxproj", "{9294CF77-44DF-4C37-84DA-C746BB81D50C}"
EndProject
Global
	GlobalSection(SolutionConfigurationPlatforms) = preSolution
		Debug|Any CPU = Debug|Any CPU
		Debug|x64 = Debug|x64
		Debug|x86 = Debug|x86
		Release|Any CPU = Release|Any CPU
		Release|x64 = Release|x64
		Release|x86 = Release|x86
	EndGlobalSection
	GlobalSection(ProjectConfigurationPlatforms) = postSolution
		{1F20A67A-F371-4D35-880E-8DCCA27CD7F6}.Debug|Any CPU.ActiveCfg = Debug|Any CPU
		{1F20A67A-F371-4D35-880E-8DCCA27CD7F6}.Debug|Any CPU.Build.0 = Debug|Any CPU
		{1F20A67A-F371-4D35-880E-8DCCA27CD7F6}.Debug|x64.ActiveCfg = Debug|Any CPU
		{1F20A67A-F371-4D35-880E-8DCCA27CD7F6}.Debug|x64.Build.0 = Debug|Any CPU
		{1F20A67A-F371-4D35-880E-8DCCA27CD7F6}.Debug|x86.ActiveCfg = Debug|Any CPU
		{1F20A67A-F371-4D35-880E-8DCCA27CD7F6}.Debug|x86.Build.0 = Debug|Any CPU
		{1F20A67A-F371-4D35-880E-8DCCA27CD7F6}.Release|Any CPU.ActiveCfg = Release|Any CPU
		{1F20A67A-F371-4D35-880E-8DCCA27CD7F6}.Release|Any CPU.Build.0 = Release|Any CPU
		{1F20A67A-F371-4D35-880E-8DCCA27CD7F6}.Release|x64.ActiveCfg = Release|Any CPU
		{1F20A67A-F371-4D35-880E-8DCCA27CD7F6}.Release|x64.Build.0 = Release|Any CPU
		{1F20A67A-F371-4D35-880E-8DCCA27CD7F6}.Release|x86.ActiveCfg = Release|Any CPU
		{1F20A67A-F371-4D35-880E-8DCCA27CD7F6}.Release|x86.Build.0 = Release|Any CPU
		{9294CF77-44DF-4C37-84DA-C746BB81D50C}.Debug|Any CPU.ActiveCfg = Debug|Win32
		{9294CF77-44DF-4C37-84DA-C746BB81D50C}.Debug|x64.ActiveCfg = Debug|x64
		{9294CF77-44DF-4C37-84DA-C746BB81D50C}.Debug|x64.Build.0 = Debug|x64
		{9294CF77-44DF-4C37-84DA-C746BB81D50C}.Debug|x86.ActiveCfg = Debug|Win32
		{9294CF77-44DF-4C37-84DA-C746BB81D50C}.Debug|x86.Build.0 = Debug|Win32
		{9294CF77-44DF-4C37-84DA-C746BB81D50C}.Release|Any CPU.ActiveCfg = Release|Win32
		{9294CF77-44DF-4C37-84DA-C746BB81D50C}.Release|x64.ActiveCfg = Release|x64
		{9294CF77-44DF-4C37-84DA-C746BB81D50C}.Release|x64.Build.0 = Release|x64
		{9294CF77-44DF-4C37-84DA-C746BB81D50C}.Release|x86.ActiveCfg = Release|Win32
		{9294CF77-44DF-4C37-84DA-C746BB81D50C}.Release|x86.Build.0 = Release|Win32
	EndGlobalSection
	GlobalSection(SolutionProperties) = preSolution
		HideSolutionNode = FALSE
	EndGlobalSection
	GlobalSection(ExtensibilityGlobals) = postSolution
		SolutionGuid = {BB6F80C9-D2C4-4DE5-A44D-B88B189CEBE0}
	EndGlobalSection
EndGlobal
